{
  "name": "encrypted messaging",
  "version": "1.0.0",
  "lockfileVersion": 2,
  "requires": true,
  "packages": {
    "": {
      "name": "encrypted messaging",
      "version": "1.0.0",
      "license": "ISC",
      "dependencies": {
        "quick-encrypt": "^1.0.8"
      }
    },
    "node_modules/keypair": {
      "version": "1.0.1",
      "resolved": "https://registry.npmjs.org/keypair/-/keypair-1.0.1.tgz",
      "integrity": "sha512-kHlZn7IIoSK+g8uqTMbRJlB2eOMg34B2ACD2XMSqEi6zG6t7E40sajMlzmswfZnrt30ngKJoGhcGyyFaLXd/+g=="
    },
    "node_modules/quick-encrypt": {
      "version": "1.0.8",
      "resolved": "https://registry.npmjs.org/quick-encrypt/-/quick-encrypt-1.0.8.tgz",
      "integrity": "sha512-oHeFjkOE95oPAC0HreXy7lduxw+HfxBJMLcKqR1276qcZQQHoHLKyt8tSZ8QgkEtj4dbJqaQ00dOhV0Hp3zpzw==",
      "dependencies": {
        "keypair": "1.0.1"
      },
      "engines": {
        "node": ">=8.11.2"
      }
    }
  },
  "dependencies": {
    "keypair": {
      "version": "1.0.1",
      "resolved": "https://registry.npmjs.org/keypair/-/keypair-1.0.1.tgz",
      "integrity": "sha512-kHlZn7IIoSK+g8uqTMbRJlB2eOMg34B2ACD2XMSqEi6zG6t7E40sajMlzmswfZnrt30ngKJoGhcGyyFaLXd/+g=="
    },
    "quick-encrypt": {
      "version": "1.0.8",
      "resolved": "https://registry.npmjs.org/quick-encrypt/-/quick-encrypt-1.0.8.tgz",
      "integrity": "sha512-oHeFjkOE95oPAC0HreXy7lduxw+HfxBJMLcKqR1276qcZQQHoHLKyt8tSZ8QgkEtj4dbJqaQ00dOhV0Hp3zpzw==",
      "requires": {
        "keypair": "1.0.1"
      }
    }
  }
}
